
Microsoft Visual Studio Solution File, Format Version 12.00
# Visual Studio Version 17
VisualStudioVersion = 17.1.32407.343
MinimumVisualStudioVersion = 10.0.40219.1
Project("{9A19103F-16F7-4668-BE54-9A1E7A4F7556}") = "BlazorWASMForDemo", "BlazorWASMForDemo\BlazorWASMForDemo.csproj", "{80875333-53A1-4A76-AC2A-91B2C55BD07C}"
EndProject
Project("{2150E333-8FDC-42A3-9474-1A3956D46DE8}") = "Solution Items", "Solution Items", "{83949D08-9DDD-42BB-A64A-DAE1C8C8770B}"
	ProjectSection(SolutionItems) = preProject
		.editorconfig = .editorconfig
	EndProjectSection
EndProject
Project("{9A19103F-16F7-4668-BE54-9A1E7A4F7556}") = "RazorComponentLibrary", "Pages\RazorComponentLibrary.csproj", "{69CFA550-591D-4F3D-8D4F-97B60E4AD7B6}"
EndProject
Global
	GlobalSection(SolutionConfigurationPlatforms) = preSolution
		Debug|Any CPU = Debug|Any CPU
		Development|Any CPU = Development|Any CPU
		Release|Any CPU = Release|Any CPU
	EndGlobalSection
	GlobalSection(ProjectConfigurationPlatforms) = postSolution
		{80875333-53A1-4A76-AC2A-91B2C55BD07C}.Debug|Any CPU.ActiveCfg = Debug|Any CPU
		{80875333-53A1-4A76-AC2A-91B2C55BD07C}.Debug|Any CPU.Build.0 = Debug|Any CPU
		{80875333-53A1-4A76-AC2A-91B2C55BD07C}.Development|Any CPU.ActiveCfg = Development|Any CPU
		{80875333-53A1-4A76-AC2A-91B2C55BD07C}.Development|Any CPU.Build.0 = Development|Any CPU
		{80875333-53A1-4A76-AC2A-91B2C55BD07C}.Release|Any CPU.ActiveCfg = Release|Any CPU
		{80875333-53A1-4A76-AC2A-91B2C55BD07C}.Release|Any CPU.Build.0 = Release|Any CPU
		{69CFA550-591D-4F3D-8D4F-97B60E4AD7B6}.Debug|Any CPU.ActiveCfg = Debug|Any CPU
		{69CFA550-591D-4F3D-8D4F-97B60E4AD7B6}.Debug|Any CPU.Build.0 = Debug|Any CPU
		{69CFA550-591D-4F3D-8D4F-97B60E4AD7B6}.Development|Any CPU.ActiveCfg = Debug|Any CPU
		{69CFA550-591D-4F3D-8D4F-97B60E4AD7B6}.Development|Any CPU.Build.0 = Debug|Any CPU
		{69CFA550-591D-4F3D-8D4F-97B60E4AD7B6}.Release|Any CPU.ActiveCfg = Release|Any CPU
		{69CFA550-591D-4F3D-8D4F-97B60E4AD7B6}.Release|Any CPU.Build.0 = Release|Any CPU
	EndGlobalSection
	GlobalSection(SolutionProperties) = preSolution
		HideSolutionNode = FALSE
	EndGlobalSection
	GlobalSection(ExtensibilityGlobals) = postSolution
		SolutionGuid = {D2D61274-1F64-4396-82B3-EA90E568E4F7}
	EndGlobalSection
EndGlobal
